// !$*UTF8*$!
{
	archiveVersion = 1;
	classes = {
	};
	objectVersion = 56;
	objects = {

/* Begin PBXBuildFile section */
		4913411D2C83B3440000FCA2 /* Constants.swift in Sources */ = {isa = PBXBuildFile; fileRef = 4913411C2C83B3440000FCA2 /* Constants.swift */; };
		491341212C83BCB60000FCA2 /* SettingsViewController.swift in Sources */ = {isa = PBXBuildFile; fileRef = 491341202C83BCB60000FCA2 /* SettingsViewController.swift */; };
		491D5CC42C86751A00719A07 /* DateExtension.swift in Sources */ = {isa = PBXBuildFile; fileRef = 491D5CC32C86751A00719A07 /* DateExtension.swift */; };
		491D5CC62C87F0AA00719A07 /* CategoriesViewCollectionViewController.swift in Sources */ = {isa = PBXBuildFile; fileRef = 491D5CC52C87F0AA00719A07 /* CategoriesViewCollectionViewController.swift */; };
		491D5CC92C87F25700719A07 /* CategoryCell.xib in Resources */ = {isa = PBXBuildFile; fileRef = 491D5CC82C87F25700719A07 /* CategoryCell.xib */; };
		491D5CCA2C87F25700719A07 /* CategoryCell.swift in Sources */ = {isa = PBXBuildFile; fileRef = 491D5CC72C87F25700719A07 /* CategoryCell.swift */; };
		494AB9042C85390E003884BF /* UIColorExtension.swift in Sources */ = {isa = PBXBuildFile; fileRef = 494AB9032C85390E003884BF /* UIColorExtension.swift */; };
		494AB9062C853BC0003884BF /* SettingsData.swift in Sources */ = {isa = PBXBuildFile; fileRef = 494AB9052C853BC0003884BF /* SettingsData.swift */; };
		494AB9092C865F21003884BF /* ItemTableViewCell.swift in Sources */ = {isa = PBXBuildFile; fileRef = 494AB9072C865F21003884BF /* ItemTableViewCell.swift */; };
		494AB90A2C865F21003884BF /* ItemTableViewCell.xib in Resources */ = {isa = PBXBuildFile; fileRef = 494AB9082C865F21003884BF /* ItemTableViewCell.xib */; };
		495238F82C7032F3004CFE71 /* Category.swift in Sources */ = {isa = PBXBuildFile; fileRef = 495238F72C7032F3004CFE71 /* Category.swift */; };
		495238FA2C703389004CFE71 /* Item.swift in Sources */ = {isa = PBXBuildFile; fileRef = 495238F92C703389004CFE71 /* Item.swift */; };
		495238FF2C7123BF004CFE71 /* ItemsViewController.swift in Sources */ = {isa = PBXBuildFile; fileRef = 495238FE2C7123BF004CFE71 /* ItemsViewController.swift */; };
		495239012C7297BD004CFE71 /* NewItemViewController.swift in Sources */ = {isa = PBXBuildFile; fileRef = 495239002C7297BD004CFE71 /* NewItemViewController.swift */; };
		495239042C73F9E6004CFE71 /* RealmSwift in Frameworks */ = {isa = PBXBuildFile; productRef = 495239032C73F9E6004CFE71 /* RealmSwift */; };
		495239052C76E234004CFE71 /* RealmSwift in Embed Frameworks */ = {isa = PBXBuildFile; productRef = 495239032C73F9E6004CFE71 /* RealmSwift */; settings = {ATTRIBUTES = (CodeSignOnCopy, ); }; };
		495239162C7EC4D6004CFE71 /* NotificationHandler.swift in Sources */ = {isa = PBXBuildFile; fileRef = 495239152C7EC4D6004CFE71 /* NotificationHandler.swift */; };
		495239182C816BF3004CFE71 /* CategoryManager.swift in Sources */ = {isa = PBXBuildFile; fileRef = 495239172C816BF3004CFE71 /* CategoryManager.swift */; };
		497D2B922C8A2EFB0013B0F2 /* EmptyList.xib in Resources */ = {isa = PBXBuildFile; fileRef = 497D2B912C8A2EFB0013B0F2 /* EmptyList.xib */; };
		497D2B942C8A31110013B0F2 /* EmptyList.swift in Sources */ = {isa = PBXBuildFile; fileRef = 497D2B932C8A31110013B0F2 /* EmptyList.swift */; };
		49AF57C32C702D5600515533 /* AppDelegate.swift in Sources */ = {isa = PBXBuildFile; fileRef = 49AF57C22C702D5600515533 /* AppDelegate.swift */; };
		49AF57C52C702D5600515533 /* SceneDelegate.swift in Sources */ = {isa = PBXBuildFile; fileRef = 49AF57C42C702D5600515533 /* SceneDelegate.swift */; };
		49AF57CA2C702D5600515533 /* Base in Resources */ = {isa = PBXBuildFile; fileRef = 49AF57C92C702D5600515533 /* Base */; };
		49AF57CC2C702D5800515533 /* Assets.xcassets in Resources */ = {isa = PBXBuildFile; fileRef = 49AF57CB2C702D5800515533 /* Assets.xcassets */; };
		49AF57CF2C702D5800515533 /* Base in Resources */ = {isa = PBXBuildFile; fileRef = 49AF57CE2C702D5800515533 /* Base */; };
		49AF57DC2C7030BA00515533 /* CategoryViewController.swift in Sources */ = {isa = PBXBuildFile; fileRef = 49AF57DB2C7030BA00515533 /* CategoryViewController.swift */; };
/* End PBXBuildFile section */

/* Begin PBXCopyFilesBuildPhase section */
		495239062C76E234004CFE71 /* Embed Frameworks */ = {
			isa = PBXCopyFilesBuildPhase;
			buildActionMask = 2147483647;
			dstPath = "";
			dstSubfolderSpec = 10;
			files = (
				495239052C76E234004CFE71 /* RealmSwift in Embed Frameworks */,
			);
			name = "Embed Frameworks";
			runOnlyForDeploymentPostprocessing = 0;
		};
/* End PBXCopyFilesBuildPhase section */

/* Begin PBXFileReference section */
		4913411C2C83B3440000FCA2 /* Constants.swift */ = {isa = PBXFileReference; lastKnownFileType = sourcecode.swift; path = Constants.swift; sourceTree = "<group>"; };
		491341202C83BCB60000FCA2 /* SettingsViewController.swift */ = {isa = PBXFileReference; lastKnownFileType = sourcecode.swift; path = SettingsViewController.swift; sourceTree = "<group>"; };
		491D5CC32C86751A00719A07 /* DateExtension.swift */ = {isa = PBXFileReference; lastKnownFileType = sourcecode.swift; path = DateExtension.swift; sourceTree = "<group>"; };
		491D5CC52C87F0AA00719A07 /* CategoriesViewCollectionViewController.swift */ = {isa = PBXFileReference; lastKnownFileType = sourcecode.swift; path = CategoriesViewCollectionViewController.swift; sourceTree = "<group>"; };
		491D5CC72C87F25700719A07 /* CategoryCell.swift */ = {isa = PBXFileReference; lastKnownFileType = sourcecode.swift; path = CategoryCell.swift; sourceTree = "<group>"; };
		491D5CC82C87F25700719A07 /* CategoryCell.xib */ = {isa = PBXFileReference; lastKnownFileType = file.xib; path = CategoryCell.xib; sourceTree = "<group>"; };
		494AB9032C85390E003884BF /* UIColorExtension.swift */ = {isa = PBXFileReference; lastKnownFileType = sourcecode.swift; path = UIColorExtension.swift; sourceTree = "<group>"; };
		494AB9052C853BC0003884BF /* SettingsData.swift */ = {isa = PBXFileReference; lastKnownFileType = sourcecode.swift; path = SettingsData.swift; sourceTree = "<group>"; };
		494AB9072C865F21003884BF /* ItemTableViewCell.swift */ = {isa = PBXFileReference; lastKnownFileType = sourcecode.swift; path = ItemTableViewCell.swift; sourceTree = "<group>"; };
		494AB9082C865F21003884BF /* ItemTableViewCell.xib */ = {isa = PBXFileReference; lastKnownFileType = file.xib; path = ItemTableViewCell.xib; sourceTree = "<group>"; };
		495238F72C7032F3004CFE71 /* Category.swift */ = {isa = PBXFileReference; lastKnownFileType = sourcecode.swift; path = Category.swift; sourceTree = "<group>"; };
		495238F92C703389004CFE71 /* Item.swift */ = {isa = PBXFileReference; lastKnownFileType = sourcecode.swift; path = Item.swift; sourceTree = "<group>"; };
		495238FE2C7123BF004CFE71 /* ItemsViewController.swift */ = {isa = PBXFileReference; lastKnownFileType = sourcecode.swift; path = ItemsViewController.swift; sourceTree = "<group>"; };
		495239002C7297BD004CFE71 /* NewItemViewController.swift */ = {isa = PBXFileReference; lastKnownFileType = sourcecode.swift; path = NewItemViewController.swift; sourceTree = "<group>"; };
		495239152C7EC4D6004CFE71 /* NotificationHandler.swift */ = {isa = PBXFileReference; lastKnownFileType = sourcecode.swift; path = NotificationHandler.swift; sourceTree = "<group>"; };
		495239172C816BF3004CFE71 /* CategoryManager.swift */ = {isa = PBXFileReference; lastKnownFileType = sourcecode.swift; path = CategoryManager.swift; sourceTree = "<group>"; };
		497D2B912C8A2EFB0013B0F2 /* EmptyList.xib */ = {isa = PBXFileReference; lastKnownFileType = file.xib; path = EmptyList.xib; sourceTree = "<group>"; };
		497D2B932C8A31110013B0F2 /* EmptyList.swift */ = {isa = PBXFileReference; lastKnownFileType = sourcecode.swift; path = EmptyList.swift; sourceTree = "<group>"; };
		49AF57BF2C702D5600515533 /* GetItDone.app */ = {isa = PBXFileReference; explicitFileType = wrapper.application; includeInIndex = 0; path = GetItDone.app; sourceTree = BUILT_PRODUCTS_DIR; };
		49AF57C22C702D5600515533 /* AppDelegate.swift */ = {isa = PBXFileReference; lastKnownFileType = sourcecode.swift; path = AppDelegate.swift; sourceTree = "<group>"; };
		49AF57C42C702D5600515533 /* SceneDelegate.swift */ = {isa = PBXFileReference; lastKnownFileType = sourcecode.swift; path = SceneDelegate.swift; sourceTree = "<group>"; };
		49AF57C92C702D5600515533 /* Base */ = {isa = PBXFileReference; lastKnownFileType = file.storyboard; name = Base; path = Base.lproj/Main.storyboard; sourceTree = "<group>"; };
		49AF57CB2C702D5800515533 /* Assets.xcassets */ = {isa = PBXFileReference; lastKnownFileType = folder.assetcatalog; path = Assets.xcassets; sourceTree = "<group>"; };
		49AF57CE2C702D5800515533 /* Base */ = {isa = PBXFileReference; lastKnownFileType = file.storyboard; name = Base; path = Base.lproj/LaunchScreen.storyboard; sourceTree = "<group>"; };
		49AF57D02C702D5800515533 /* Info.plist */ = {isa = PBXFileReference; lastKnownFileType = text.plist.xml; path = Info.plist; sourceTree = "<group>"; };
		49AF57DB2C7030BA00515533 /* CategoryViewController.swift */ = {isa = PBXFileReference; lastKnownFileType = sourcecode.swift; path = CategoryViewController.swift; sourceTree = "<group>"; };
/* End PBXFileReference section */

/* Begin PBXFrameworksBuildPhase section */
		49AF57BC2C702D5600515533 /* Frameworks */ = {
			isa = PBXFrameworksBuildPhase;
			buildActionMask = 2147483647;
			files = (
				495239042C73F9E6004CFE71 /* RealmSwift in Frameworks */,
			);
			runOnlyForDeploymentPostprocessing = 0;
		};
/* End PBXFrameworksBuildPhase section */

/* Begin PBXGroup section */
		494AB9022C8538FA003884BF /* Services */ = {
			isa = PBXGroup;
			children = (
				494AB9032C85390E003884BF /* UIColorExtension.swift */,
				491D5CC32C86751A00719A07 /* DateExtension.swift */,
			);
			path = Services;
			sourceTree = "<group>";
		};
		495238F62C7032E0004CFE71 /* Data */ = {
			isa = PBXGroup;
			children = (
				495238F92C703389004CFE71 /* Item.swift */,
				495238F72C7032F3004CFE71 /* Category.swift */,
				495239172C816BF3004CFE71 /* CategoryManager.swift */,
				494AB9052C853BC0003884BF /* SettingsData.swift */,
			);
			path = Data;
			sourceTree = "<group>";
		};
		495239142C7EC4C8004CFE71 /* Handlers */ = {
			isa = PBXGroup;
			children = (
				495239152C7EC4D6004CFE71 /* NotificationHandler.swift */,
			);
			path = Handlers;
			sourceTree = "<group>";
		};
		495239192C83AC6D004CFE71 /* View */ = {
			isa = PBXGroup;
			children = (
				49AF57C82C702D5600515533 /* Main.storyboard */,
				494AB9072C865F21003884BF /* ItemTableViewCell.swift */,
				494AB9082C865F21003884BF /* ItemTableViewCell.xib */,
				491D5CC72C87F25700719A07 /* CategoryCell.swift */,
				491D5CC82C87F25700719A07 /* CategoryCell.xib */,
				497D2B912C8A2EFB0013B0F2 /* EmptyList.xib */,
				497D2B932C8A31110013B0F2 /* EmptyList.swift */,
			);
			path = View;
			sourceTree = "<group>";
		};
		49AF57B62C702D5600515533 = {
			isa = PBXGroup;
			children = (
				49AF57C12C702D5600515533 /* GetItDone */,
				49AF57C02C702D5600515533 /* Products */,
			);
			sourceTree = "<group>";
		};
		49AF57C02C702D5600515533 /* Products */ = {
			isa = PBXGroup;
			children = (
				49AF57BF2C702D5600515533 /* GetItDone.app */,
			);
			name = Products;
			sourceTree = "<group>";
		};
		49AF57C12C702D5600515533 /* GetItDone */ = {
			isa = PBXGroup;
			children = (
				4913411C2C83B3440000FCA2 /* Constants.swift */,
				494AB9022C8538FA003884BF /* Services */,
				495239142C7EC4C8004CFE71 /* Handlers */,
				495238F62C7032E0004CFE71 /* Data */,
				495239192C83AC6D004CFE71 /* View */,
				49AF57DD2C7031DE00515533 /* Controllers */,
				49AF57C22C702D5600515533 /* AppDelegate.swift */,
				49AF57C42C702D5600515533 /* SceneDelegate.swift */,
				49AF57CB2C702D5800515533 /* Assets.xcassets */,
				49AF57CD2C702D5800515533 /* LaunchScreen.storyboard */,
				49AF57D02C702D5800515533 /* Info.plist */,
			);
			path = GetItDone;
			sourceTree = "<group>";
		};
		49AF57DD2C7031DE00515533 /* Controllers */ = {
			isa = PBXGroup;
			children = (
				49AF57DB2C7030BA00515533 /* CategoryViewController.swift */,
				495238FE2C7123BF004CFE71 /* ItemsViewController.swift */,
				495239002C7297BD004CFE71 /* NewItemViewController.swift */,
				491341202C83BCB60000FCA2 /* SettingsViewController.swift */,
				491D5CC52C87F0AA00719A07 /* CategoriesViewCollectionViewController.swift */,
			);
			path = Controllers;
			sourceTree = "<group>";
		};
/* End PBXGroup section */

/* Begin PBXNativeTarget section */
		49AF57BE2C702D5600515533 /* GetItDone */ = {
			isa = PBXNativeTarget;
			buildConfigurationList = 49AF57D32C702D5800515533 /* Build configuration list for PBXNativeTarget "GetItDone" */;
			buildPhases = (
				49AF57BB2C702D5600515533 /* Sources */,
				49AF57BC2C702D5600515533 /* Frameworks */,
				49AF57BD2C702D5600515533 /* Resources */,
				495239062C76E234004CFE71 /* Embed Frameworks */,
			);
			buildRules = (
			);
			dependencies = (
			);
			name = GetItDone;
			packageProductDependencies = (
				495239032C73F9E6004CFE71 /* RealmSwift */,
			);
			productName = GetItDone;
			productReference = 49AF57BF2C702D5600515533 /* GetItDone.app */;
			productType = "com.apple.product-type.application";
		};
/* End PBXNativeTarget section */

/* Begin PBXProject section */
		49AF57B72C702D5600515533 /* Project object */ = {
			isa = PBXProject;
			attributes = {
				BuildIndependentTargetsInParallel = 1;
				LastSwiftUpdateCheck = 1540;
				LastUpgradeCheck = 1540;
				TargetAttributes = {
					49AF57BE2C702D5600515533 = {
						CreatedOnToolsVersion = 15.4;
					};
				};
			};
			buildConfigurationList = 49AF57BA2C702D5600515533 /* Build configuration list for PBXProject "GetItDone" */;
			compatibilityVersion = "Xcode 14.0";
			developmentRegion = en;
			hasScannedForEncodings = 0;
			knownRegions = (
				en,
				Base,
			);
			mainGroup = 49AF57B62C702D5600515533;
			packageReferences = (
				495239022C73F9E6004CFE71 /* XCRemoteSwiftPackageReference "realm-swift" */,
			);
			productRefGroup = 49AF57C02C702D5600515533 /* Products */;
			projectDirPath = "";
			projectRoot = "";
			targets = (
				49AF57BE2C702D5600515533 /* GetItDone */,
			);
		};
/* End PBXProject section */

/* Begin PBXResourcesBuildPhase section */
		49AF57BD2C702D5600515533 /* Resources */ = {
			isa = PBXResourcesBuildPhase;
			buildActionMask = 2147483647;
			files = (
				491D5CC92C87F25700719A07 /* CategoryCell.xib in Resources */,
				494AB90A2C865F21003884BF /* ItemTableViewCell.xib in Resources */,
				49AF57CC2C702D5800515533 /* Assets.xcassets in Resources */,
				497D2B922C8A2EFB0013B0F2 /* EmptyList.xib in Resources */,
				49AF57CF2C702D5800515533 /* Base in Resources */,
				49AF57CA2C702D5600515533 /* Base in Resources */,
			);
			runOnlyForDeploymentPostprocessing = 0;
		};
/* End PBXResourcesBuildPhase section */

/* Begin PBXSourcesBuildPhase section */
		49AF57BB2C702D5600515533 /* Sources */ = {
			isa = PBXSourcesBuildPhase;
			buildActionMask = 2147483647;
			files = (
				491D5CCA2C87F25700719A07 /* CategoryCell.swift in Sources */,
				49AF57DC2C7030BA00515533 /* CategoryViewController.swift in Sources */,
				491D5CC42C86751A00719A07 /* DateExtension.swift in Sources */,
				4913411D2C83B3440000FCA2 /* Constants.swift in Sources */,
				491D5CC62C87F0AA00719A07 /* CategoriesViewCollectionViewController.swift in Sources */,
				494AB9042C85390E003884BF /* UIColorExtension.swift in Sources */,
				495239162C7EC4D6004CFE71 /* NotificationHandler.swift in Sources */,
				495239182C816BF3004CFE71 /* CategoryManager.swift in Sources */,
				495238FF2C7123BF004CFE71 /* ItemsViewController.swift in Sources */,
				495238F82C7032F3004CFE71 /* Category.swift in Sources */,
				49AF57C32C702D5600515533 /* AppDelegate.swift in Sources */,
				494AB9062C853BC0003884BF /* SettingsData.swift in Sources */,
				495238FA2C703389004CFE71 /* Item.swift in Sources */,
				49AF57C52C702D5600515533 /* SceneDelegate.swift in Sources */,
				495239012C7297BD004CFE71 /* NewItemViewController.swift in Sources */,
				497D2B942C8A31110013B0F2 /* EmptyList.swift in Sources */,
				494AB9092C865F21003884BF /* ItemTableViewCell.swift in Sources */,
				491341212C83BCB60000FCA2 /* SettingsViewController.swift in Sources */,
			);
			runOnlyForDeploymentPostprocessing = 0;
		};
/* End PBXSourcesBuildPhase section */

/* Begin PBXVariantGroup section */
		49AF57C82C702D5600515533 /* Main.storyboard */ = {
			isa = PBXVariantGroup;
			children = (
				49AF57C92C702D5600515533 /* Base */,
			);
			name = Main.storyboard;
			sourceTree = "<group>";
		};
		49AF57CD2C702D5800515533 /* LaunchScreen.storyboard */ = {
			isa = PBXVariantGroup;
			children = (
				49AF57CE2C702D5800515533 /* Base */,
			);
			name = LaunchScreen.storyboard;
			sourceTree = "<group>";
		};
/* End PBXVariantGroup section */

/* Begin XCBuildConfiguration section */
		49AF57D12C702D5800515533 /* Debug */ = {
			isa = XCBuildConfiguration;
			buildSettings = {
				ALWAYS_SEARCH_USER_PATHS = NO;
				ASSETCATALOG_COMPILER_GENERATE_SWIFT_ASSET_SYMBOL_EXTENSIONS = YES;
				CLANG_ANALYZER_NONNULL = YES;
				CLANG_ANALYZER_NUMBER_OBJECT_CONVERSION = YES_AGGRESSIVE;
				CLANG_CXX_LANGUAGE_STANDARD = "gnu++20";
				CLANG_ENABLE_MODULES = YES;
				CLANG_ENABLE_OBJC_ARC = YES;
				CLANG_ENABLE_OBJC_WEAK = YES;
				CLANG_WARN_BLOCK_CAPTURE_AUTORELEASING = YES;
				CLANG_WARN_BOOL_CONVERSION = YES;
				CLANG_WARN_COMMA = YES;
				CLANG_WARN_CONSTANT_CONVERSION = YES;
				CLANG_WARN_DEPRECATED_OBJC_IMPLEMENTATIONS = YES;
				CLANG_WARN_DIRECT_OBJC_ISA_USAGE = YES_ERROR;
				CLANG_WARN_DOCUMENTATION_COMMENTS = YES;
				CLANG_WARN_EMPTY_BODY = YES;
				CLANG_WARN_ENUM_CONVERSION = YES;
				CLANG_WARN_INFINITE_RECURSION = YES;
				CLANG_WARN_INT_CONVERSION = YES;
				CLANG_WARN_NON_LITERAL_NULL_CONVERSION = YES;
				CLANG_WARN_OBJC_IMPLICIT_RETAIN_SELF = YES;
				CLANG_WARN_OBJC_LITERAL_CONVERSION = YES;
				CLANG_WARN_OBJC_ROOT_CLASS = YES_ERROR;
				CLANG_WARN_QUOTED_INCLUDE_IN_FRAMEWORK_HEADER = YES;
				CLANG_WARN_RANGE_LOOP_ANALYSIS = YES;
				CLANG_WARN_STRICT_PROTOTYPES = YES;
				CLANG_WARN_SUSPICIOUS_MOVE = YES;
				CLANG_WARN_UNGUARDED_AVAILABILITY = YES_AGGRESSIVE;
				CLANG_WARN_UNREACHABLE_CODE = YES;
				CLANG_WARN__DUPLICATE_METHOD_MATCH = YES;
				COPY_PHASE_STRIP = NO;
				DEBUG_INFORMATION_FORMAT = dwarf;
				ENABLE_STRICT_OBJC_MSGSEND = YES;
				ENABLE_TESTABILITY = YES;
				ENABLE_USER_SCRIPT_SANDBOXING = YES;
				GCC_C_LANGUAGE_STANDARD = gnu17;
				GCC_DYNAMIC_NO_PIC = NO;
				GCC_NO_COMMON_BLOCKS = YES;
				GCC_OPTIMIZATION_LEVEL = 0;
				GCC_PREPROCESSOR_DEFINITIONS = (
					"DEBUG=1",
					"$(inherited)",
				);
				GCC_WARN_64_TO_32_BIT_CONVERSION = YES;
				GCC_WARN_ABOUT_RETURN_TYPE = YES_ERROR;
				GCC_WARN_UNDECLARED_SELECTOR = YES;
				GCC_WARN_UNINITIALIZED_AUTOS = YES_AGGRESSIVE;
				GCC_WARN_UNUSED_FUNCTION = YES;
				GCC_WARN_UNUSED_VARIABLE = YES;
				IPHONEOS_DEPLOYMENT_TARGET = 17.5;
				LOCALIZATION_PREFERS_STRING_CATALOGS = YES;
				MTL_ENABLE_DEBUG_INFO = INCLUDE_SOURCE;
				MTL_FAST_MATH = YES;
				ONLY_ACTIVE_ARCH = YES;
				SDKROOT = iphoneos;
				SWIFT_ACTIVE_COMPILATION_CONDITIONS = "DEBUG $(inherited)";
				SWIFT_OPTIMIZATION_LEVEL = "-Onone";
			};
			name = Debug;
		};
		49AF57D22C702D5800515533 /* Release */ = {
			isa = XCBuildConfiguration;
			buildSettings = {
				ALWAYS_SEARCH_USER_PATHS = NO;
				ASSETCATALOG_COMPILER_GENERATE_SWIFT_ASSET_SYMBOL_EXTENSIONS = YES;
				CLANG_ANALYZER_NONNULL = YES;
				CLANG_ANALYZER_NUMBER_OBJECT_CONVERSION = YES_AGGRESSIVE;
				CLANG_CXX_LANGUAGE_STANDARD = "gnu++20";
				CLANG_ENABLE_MODULES = YES;
				CLANG_ENABLE_OBJC_ARC = YES;
				CLANG_ENABLE_OBJC_WEAK = YES;
				CLANG_WARN_BLOCK_CAPTURE_AUTORELEASING = YES;
				CLANG_WARN_BOOL_CONVERSION = YES;
				CLANG_WARN_COMMA = YES;
				CLANG_WARN_CONSTANT_CONVERSION = YES;
				CLANG_WARN_DEPRECATED_OBJC_IMPLEMENTATIONS = YES;
				CLANG_WARN_DIRECT_OBJC_ISA_USAGE = YES_ERROR;
				CLANG_WARN_DOCUMENTATION_COMMENTS = YES;
				CLANG_WARN_EMPTY_BODY = YES;
				CLANG_WARN_ENUM_CONVERSION = YES;
				CLANG_WARN_INFINITE_RECURSION = YES;
				CLANG_WARN_INT_CONVERSION = YES;
				CLANG_WARN_NON_LITERAL_NULL_CONVERSION = YES;
				CLANG_WARN_OBJC_IMPLICIT_RETAIN_SELF = YES;
				CLANG_WARN_OBJC_LITERAL_CONVERSION = YES;
				CLANG_WARN_OBJC_ROOT_CLASS = YES_ERROR;
				CLANG_WARN_QUOTED_INCLUDE_IN_FRAMEWORK_HEADER = YES;
				CLANG_WARN_RANGE_LOOP_ANALYSIS = YES;
				CLANG_WARN_STRICT_PROTOTYPES = YES;
				CLANG_WARN_SUSPICIOUS_MOVE = YES;
				CLANG_WARN_UNGUARDED_AVAILABILITY = YES_AGGRESSIVE;
				CLANG_WARN_UNREACHABLE_CODE = YES;
				CLANG_WARN__DUPLICATE_METHOD_MATCH = YES;
				COPY_PHASE_STRIP = NO;
				DEBUG_INFORMATION_FORMAT = "dwarf-with-dsym";
				ENABLE_NS_ASSERTIONS = NO;
				ENABLE_STRICT_OBJC_MSGSEND = YES;
				ENABLE_USER_SCRIPT_SANDBOXING = YES;
				GCC_C_LANGUAGE_STANDARD = gnu17;
				GCC_NO_COMMON_BLOCKS = YES;
				GCC_WARN_64_TO_32_BIT_CONVERSION = YES;
				GCC_WARN_ABOUT_RETURN_TYPE = YES_ERROR;
				GCC_WARN_UNDECLARED_SELECTOR = YES;
				GCC_WARN_UNINITIALIZED_AUTOS = YES_AGGRESSIVE;
				GCC_WARN_UNUSED_FUNCTION = YES;
				GCC_WARN_UNUSED_VARIABLE = YES;
				IPHONEOS_DEPLOYMENT_TARGET = 17.5;
				LOCALIZATION_PREFERS_STRING_CATALOGS = YES;
				MTL_ENABLE_DEBUG_INFO = NO;
				MTL_FAST_MATH = YES;
				SDKROOT = iphoneos;
				SWIFT_COMPILATION_MODE = wholemodule;
				VALIDATE_PRODUCT = YES;
			};
			name = Release;
		};
		49AF57D42C702D5800515533 /* Debug */ = {
			isa = XCBuildConfiguration;
			buildSettings = {
				ASSETCATALOG_COMPILER_APPICON_NAME = AppIcon;
				ASSETCATALOG_COMPILER_GLOBAL_ACCENT_COLOR_NAME = AccentColor;
				CODE_SIGN_STYLE = Automatic;
				CURRENT_PROJECT_VERSION = 1;
				DEVELOPMENT_TEAM = JG2J3QAPHJ;
				GENERATE_INFOPLIST_FILE = YES;
				INFOPLIST_FILE = GetItDone/Info.plist;
				INFOPLIST_KEY_UIApplicationSupportsIndirectInputEvents = YES;
				INFOPLIST_KEY_UILaunchStoryboardName = LaunchScreen;
				INFOPLIST_KEY_UIMainStoryboardFile = Main;
				INFOPLIST_KEY_UISupportedInterfaceOrientations_iPad = "UIInterfaceOrientationPortrait UIInterfaceOrientationPortraitUpsideDown UIInterfaceOrientationLandscapeLeft UIInterfaceOrientationLandscapeRight";
				INFOPLIST_KEY_UISupportedInterfaceOrientations_iPhone = "UIInterfaceOrientationPortrait UIInterfaceOrientationLandscapeLeft UIInterfaceOrientationLandscapeRight";
				LD_RUNPATH_SEARCH_PATHS = (
					"$(inherited)",
					"@executable_path/Frameworks",
				);
				MARKETING_VERSION = 1.0;
				PRODUCT_BUNDLE_IDENTIFIER = com.gerardogallegos.GetItDone;
				PRODUCT_NAME = "$(TARGET_NAME)";
				SWIFT_EMIT_LOC_STRINGS = YES;
				SWIFT_VERSION = 5.0;
				TARGETED_DEVICE_FAMILY = "1,2";
			};
			name = Debug;
		};
		49AF57D52C702D5800515533 /* Release */ = {
			isa = XCBuildConfiguration;
			buildSettings = {
				ASSETCATALOG_COMPILER_APPICON_NAME = AppIcon;
				ASSETCATALOG_COMPILER_GLOBAL_ACCENT_COLOR_NAME = AccentColor;
				CODE_SIGN_STYLE = Automatic;
				CURRENT_PROJECT_VERSION = 1;
				DEVELOPMENT_TEAM = JG2J3QAPHJ;
				GENERATE_INFOPLIST_FILE = YES;
				INFOPLIST_FILE = GetItDone/Info.plist;
				INFOPLIST_KEY_UIApplicationSupportsIndirectInputEvents = YES;
				INFOPLIST_KEY_UILaunchStoryboardName = LaunchScreen;
				INFOPLIST_KEY_UIMainStoryboardFile = Main;
				INFOPLIST_KEY_UISupportedInterfaceOrientations_iPad = "UIInterfaceOrientationPortrait UIInterfaceOrientationPortraitUpsideDown UIInterfaceOrientationLandscapeLeft UIInterfaceOrientationLandscapeRight";
				INFOPLIST_KEY_UISupportedInterfaceOrientations_iPhone = "UIInterfaceOrientationPortrait UIInterfaceOrientationLandscapeLeft UIInterfaceOrientationLandscapeRight";
				LD_RUNPATH_SEARCH_PATHS = (
					"$(inherited)",
					"@executable_path/Frameworks",
				);
				MARKETING_VERSION = 1.0;
				PRODUCT_BUNDLE_IDENTIFIER = com.gerardogallegos.GetItDone;
				PRODUCT_NAME = "$(TARGET_NAME)";
				SWIFT_EMIT_LOC_STRINGS = YES;
				SWIFT_VERSION = 5.0;
				TARGETED_DEVICE_FAMILY = "1,2";
			};
			name = Release;
		};
/* End XCBuildConfiguration section */

/* Begin XCConfigurationList section */
		49AF57BA2C702D5600515533 /* Build configuration list for PBXProject "GetItDone" */ = {
			isa = XCConfigurationList;
			buildConfigurations = (
				49AF57D12C702D5800515533 /* Debug */,
				49AF57D22C702D5800515533 /* Release */,
			);
			defaultConfigurationIsVisible = 0;
			defaultConfigurationName = Release;
		};
		49AF57D32C702D5800515533 /* Build configuration list for PBXNativeTarget "GetItDone" */ = {
			isa = XCConfigurationList;
			buildConfigurations = (
				49AF57D42C702D5800515533 /* Debug */,
				49AF57D52C702D5800515533 /* Release */,
			);
			defaultConfigurationIsVisible = 0;
			defaultConfigurationName = Release;
		};
/* End XCConfigurationList section */

/* Begin XCRemoteSwiftPackageReference section */
		495239022C73F9E6004CFE71 /* XCRemoteSwiftPackageReference "realm-swift" */ = {
			isa = XCRemoteSwiftPackageReference;
			repositoryURL = "https://github.com/realm/realm-swift.git";
			requirement = {
				kind = upToNextMajorVersion;
				minimumVersion = 10.52.3;
			};
		};
/* End XCRemoteSwiftPackageReference section */

/* Begin XCSwiftPackageProductDependency section */
		495239032C73F9E6004CFE71 /* RealmSwift */ = {
			isa = XCSwiftPackageProductDependency;
			package = 495239022C73F9E6004CFE71 /* XCRemoteSwiftPackageReference "realm-swift" */;
			productName = RealmSwift;
		};
/* End XCSwiftPackageProductDependency section */
	};
	rootObject = 49AF57B72C702D5600515533 /* Project object */;
}
